
Microsoft Visual Studio Solution File, Format Version 12.00
# Visual Studio Version 17
VisualStudioVersion = 17.11.35312.102
MinimumVisualStudioVersion = 10.0.40219.1
Project("{FAE04EC0-301F-11D3-BF4B-00C04F79EFBC}") = "FoosLeague.Web", "FoosLeague.Web\FoosLeague.Web.csproj", "{BBF3BD75-9BF2-4287-B8AC-C8E37F093413}"
EndProject
Global
	GlobalSection(SolutionConfigurationPlatforms) = preSolution
		Debug|Any CPU = Debug|Any CPU
		Release|Any CPU = Release|Any CPU
	EndGlobalSection
	GlobalSection(ProjectConfigurationPlatforms) = postSolution
		{BBF3BD75-9BF2-4287-B8AC-C8E37F093413}.Debug|Any CPU.ActiveCfg = Debug|Any CPU
		{BBF3BD75-9BF2-4287-B8AC-C8E37F093413}.Debug|Any CPU.Build.0 = Debug|Any CPU
		{BBF3BD75-9BF2-4287-B8AC-C8E37F093413}.Release|Any CPU.ActiveCfg = Release|Any CPU
		{BBF3BD75-9BF2-4287-B8AC-C8E37F093413}.Release|Any CPU.Build.0 = Release|Any CPU
	EndGlobalSection
	GlobalSection(SolutionProperties) = preSolution
		HideSolutionNode = FALSE
	EndGlobalSection
	GlobalSection(ExtensibilityGlobals) = postSolution
		SolutionGuid = {9E0B26BC-779A-449B-997D-78C78E5787F3}
	EndGlobalSection
EndGlobal
